
Microsoft Visual Studio Solution File, Format Version 12.00
# Visual Studio Version 17
VisualStudioVersion = 17.2.32616.157
MinimumVisualStudioVersion = 10.0.40219.1
Project("{8BC9CEB8-8B4A-11D0-8D11-00A0C91BC942}") = "study002", "study002\study002.vcxproj", "{9E4DAF0E-7D06-4E31-B9F4-FCB002B73C52}"
EndProject
Project("{8BC9CEB8-8B4A-11D0-8D11-00A0C91BC942}") = "study003", "study003\study003.vcxproj", "{947DF409-785B-44BC-B482-BF3D650C0989}"
EndProject
Project("{8BC9CEB8-8B4A-11D0-8D11-00A0C91BC942}") = "study004", "study004\study004.vcxproj", "{07779F98-5C4D-4F72-9326-5D6934F3CA57}"
EndProject
Project("{8BC9CEB8-8B4A-11D0-8D11-00A0C91BC942}") = "study005", "study005\study005.vcxproj", "{A4B19AB8-1F3F-43A6-8E50-575E16BF1B0B}"
EndProject
Project("{8BC9CEB8-8B4A-11D0-8D11-00A0C91BC942}") = "study006", "study006\study006.vcxproj", "{DFE9098C-3558-499C-A2BD-3B9E897502FF}"
EndProject
Project("{8BC9CEB8-8B4A-11D0-8D11-00A0C91BC942}") = "study007", "study007\study007.vcxproj", "{897DD124-1386-47CE-BCCB-3308A8F77E12}"
EndProject
Project("{8BC9CEB8-8B4A-11D0-8D11-00A0C91BC942}") = "study008", "study008\study008.vcxproj", "{C339616D-F94E-4C9E-BC31-61886903BDE9}"
EndProject
Project("{8BC9CEB8-8B4A-11D0-8D11-00A0C91BC942}") = "study009", "study009\study009.vcxproj", "{1AAAE551-CC80-4152-9F25-106D3C08AC94}"
EndProject
Project("{8BC9CEB8-8B4A-11D0-8D11-00A0C91BC942}") = "study010", "study010\study010.vcxproj", "{C17AD3C6-7910-4ECF-8270-7A4806EEFB26}"
EndProject
Project("{8BC9CEB8-8B4A-11D0-8D11-00A0C91BC942}") = "study011", "study011\study011.vcxproj", "{8ED68CE7-0FC0-484C-8BA8-3C6DC04D6FCB}"
EndProject
Project("{8BC9CEB8-8B4A-11D0-8D11-00A0C91BC942}") = "study012", "study012\study012.vcxproj", "{88C07E42-3DD0-44CE-97D1-D7DFF64F8163}"
EndProject
Project("{8BC9CEB8-8B4A-11D0-8D11-00A0C91BC942}") = "study013", "study013\study013.vcxproj", "{329CA273-5B3F-4ADE-8AA6-E8C148B3D9BD}"
EndProject
Project("{8BC9CEB8-8B4A-11D0-8D11-00A0C91BC942}") = "study014", "study014\study014.vcxproj", "{42FBAC85-554E-4989-8B37-8A46E60871BA}"
EndProject
Project("{8BC9CEB8-8B4A-11D0-8D11-00A0C91BC942}") = "study015", "study015\study015.vcxproj", "{BA899879-7E0E-42BE-BF79-DC24E4A3C540}"
EndProject
Project("{8BC9CEB8-8B4A-11D0-8D11-00A0C91BC942}") = "study016", "study016\study016.vcxproj", "{848E3ED0-09E0-4A74-9132-ABB637788F7E}"
EndProject
Project("{8BC9CEB8-8B4A-11D0-8D11-00A0C91BC942}") = "study017", "study017\study017.vcxproj", "{C4162C66-9AD9-43C9-BAB0-55BCBAF31023}"
EndProject
Project("{8BC9CEB8-8B4A-11D0-8D11-00A0C91BC942}") = "study018", "study018\study018.vcxproj", "{9B2D6C49-CD2E-4569-80CB-1BF362DAB514}"
EndProject
Project("{8BC9CEB8-8B4A-11D0-8D11-00A0C91BC942}") = "study019", "study019\study019.vcxproj", "{9A9A5DDF-3A65-45CB-BCBC-6504F0A5D820}"
EndProject
Project("{8BC9CEB8-8B4A-11D0-8D11-00A0C91BC942}") = "study021", "study021\study021.vcxproj", "{39356BEB-AA3E-4727-BBC3-DF61E8DE67D3}"
EndProject
Project("{8BC9CEB8-8B4A-11D0-8D11-00A0C91BC942}") = "study020", "study020\study020.vcxproj", "{BF4048EB-1A02-4733-8296-BA3F681A57D3}"
EndProject
Project("{8BC9CEB8-8B4A-11D0-8D11-00A0C91BC942}") = "2440", "study022\study022.vcxproj", "{CF66DCB9-1CEB-430A-AE50-820FD5CC86E5}"
EndProject
Project("{8BC9CEB8-8B4A-11D0-8D11-00A0C91BC942}") = "study023", "study023\study023.vcxproj", "{F2A7C066-F37E-438B-9978-B54DDD738C73}"
EndProject
Project("{8BC9CEB8-8B4A-11D0-8D11-00A0C91BC942}") = "2577", "study024\study024.vcxproj", "{81E23172-9911-4CC6-93BC-AC9A0B69327C}"
EndProject
Project("{2150E333-8FDC-42A3-9474-1A3956D46DE8}") = "BaekJoon", "BaekJoon", "{16A7D97C-0123-4070-A0F4-2F20E4D23D33}"
EndProject
Project("{8BC9CEB8-8B4A-11D0-8D11-00A0C91BC942}") = "3052", "3052\3052.vcxproj", "{87A44DA5-9B8C-47A8-A1D4-E0C46948D82A}"
EndProject
Project("{8BC9CEB8-8B4A-11D0-8D11-00A0C91BC942}") = "1546", "1546\1546.vcxproj", "{CBECC158-4BCB-4D6D-8BF3-7F202268C3DA}"
EndProject
Project("{8BC9CEB8-8B4A-11D0-8D11-00A0C91BC942}") = "15596", "15596\15596.vcxproj", "{5814C546-8DC4-4204-817B-A015A9B7C772}"
EndProject
Project("{8BC9CEB8-8B4A-11D0-8D11-00A0C91BC942}") = "4673_Mine", "4673\4673.vcxproj", "{3F790BED-DE2B-4DE7-B5AA-F7CBF042B34E}"
EndProject
Project("{8BC9CEB8-8B4A-11D0-8D11-00A0C91BC942}") = "4673_NotMine", "4673_NotMine\4673_NotMine.vcxproj", "{E26DEFDD-8201-432E-B6B2-84E3F94EA38A}"
EndProject
Project("{8BC9CEB8-8B4A-11D0-8D11-00A0C91BC942}") = "1065", "1065\1065.vcxproj", "{9A82B0E8-BB5D-421C-A786-41F603F0FE9B}"
EndProject
Project("{8BC9CEB8-8B4A-11D0-8D11-00A0C91BC942}") = "1712", "1712\1712.vcxproj", "{19AE4463-505E-49D8-A934-11513E381DC0}"
EndProject
Project("{8BC9CEB8-8B4A-11D0-8D11-00A0C91BC942}") = "2292", "2292\2292.vcxproj", "{E3FABF63-CD1C-453B-9D7A-72E9A69075B7}"
EndProject
Project("{8BC9CEB8-8B4A-11D0-8D11-00A0C91BC942}") = "1193", "1193\1193.vcxproj", "{E6C1F078-78DE-46CF-9A5D-8E7C7B506C32}"
EndProject
Project("{8BC9CEB8-8B4A-11D0-8D11-00A0C91BC942}") = "study+001", "study025\study025.vcxproj", "{4D25F0E1-6FEE-4977-B208-D6FAB684E647}"
EndProject
Project("{2150E333-8FDC-42A3-9474-1A3956D46DE8}") = "C", "C", "{9E064A4D-9A0F-4AC0-BE0C-3795A7F788B9}"
EndProject
Project("{2150E333-8FDC-42A3-9474-1A3956D46DE8}") = "C++", "C++", "{00A44C8B-3B4E-400B-A849-7BC0367BA706}"
EndProject
Project("{8BC9CEB8-8B4A-11D0-8D11-00A0C91BC942}") = "study+002", "study+002\study+002.vcxproj", "{C0165D27-82AE-49F3-8581-0749E4505164}"
EndProject
Project("{8BC9CEB8-8B4A-11D0-8D11-00A0C91BC942}") = "10828", "10828\10828.vcxproj", "{62E601A0-605E-4691-842D-05680E2874CD}"
EndProject
Project("{8BC9CEB8-8B4A-11D0-8D11-00A0C91BC942}") = "2805", "2805\2805.vcxproj", "{49D3C44E-9AD4-44C6-AEF7-8540A25592B3}"
EndProject
Project("{8BC9CEB8-8B4A-11D0-8D11-00A0C91BC942}") = "1259", "1259\1259.vcxproj", "{9EF1BDD2-EA50-4CAA-9876-885B3959DAB6}"
EndProject
Project("{8BC9CEB8-8B4A-11D0-8D11-00A0C91BC942}") = "1181", "1181\1181.vcxproj", "{E447DC37-1722-409A-AA5E-B58F06374BFE}"
EndProject
Project("{8BC9CEB8-8B4A-11D0-8D11-00A0C91BC942}") = "2751", "2751\2751.vcxproj", "{F64C501C-D614-4773-9F3A-D8A7188CE94E}"
EndProject
Project("{8BC9CEB8-8B4A-11D0-8D11-00A0C91BC942}") = "10814", "10814\10814.vcxproj", "{2FD1FF74-3C9F-4B76-BC00-A5C9B1DCFD60}"
EndProject
Project("{8BC9CEB8-8B4A-11D0-8D11-00A0C91BC942}") = "27866", "27866\27866.vcxproj", "{6ECE144F-EC40-4A2E-AAFB-4396A19466CF}"
EndProject
Project("{8BC9CEB8-8B4A-11D0-8D11-00A0C91BC942}") = "11650", "11650\11650.vcxproj", "{B6321917-1D63-4704-A583-754224ED02B1}"
EndProject
Project("{8BC9CEB8-8B4A-11D0-8D11-00A0C91BC942}") = "11651", "11651\11651.vcxproj", "{180ABFAC-A7AA-41D5-BCAD-41665084A6C6}"
EndProject
Project("{8BC9CEB8-8B4A-11D0-8D11-00A0C91BC942}") = "10989", "10989\10989.vcxproj", "{A3EEFAD0-D0C8-4073-B720-BA82869EB6A6}"
EndProject
Global
	GlobalSection(SolutionConfigurationPlatforms) = preSolution
		Debug|x64 = Debug|x64
		Debug|x86 = Debug|x86
		Release|x64 = Release|x64
		Release|x86 = Release|x86
	EndGlobalSection
	GlobalSection(ProjectConfigurationPlatforms) = postSolution
		{9E4DAF0E-7D06-4E31-B9F4-FCB002B73C52}.Debug|x64.ActiveCfg = Debug|x64
		{9E4DAF0E-7D06-4E31-B9F4-FCB002B73C52}.Debug|x64.Build.0 = Debug|x64
		{9E4DAF0E-7D06-4E31-B9F4-FCB002B73C52}.Debug|x86.ActiveCfg = Debug|Win32
		{9E4DAF0E-7D06-4E31-B9F4-FCB002B73C52}.Debug|x86.Build.0 = Debug|Win32
		{9E4DAF0E-7D06-4E31-B9F4-FCB002B73C52}.Release|x64.ActiveCfg = Release|x64
		{9E4DAF0E-7D06-4E31-B9F4-FCB002B73C52}.Release|x64.Build.0 = Release|x64
		{9E4DAF0E-7D06-4E31-B9F4-FCB002B73C52}.Release|x86.ActiveCfg = Release|Win32
		{9E4DAF0E-7D06-4E31-B9F4-FCB002B73C52}.Release|x86.Build.0 = Release|Win32
		{947DF409-785B-44BC-B482-BF3D650C0989}.Debug|x64.ActiveCfg = Debug|x64
		{947DF409-785B-44BC-B482-BF3D650C0989}.Debug|x64.Build.0 = Debug|x64
		{947DF409-785B-44BC-B482-BF3D650C0989}.Debug|x86.ActiveCfg = Debug|Win32
		{947DF409-785B-44BC-B482-BF3D650C0989}.Debug|x86.Build.0 = Debug|Win32
		{947DF409-785B-44BC-B482-BF3D650C0989}.Release|x64.ActiveCfg = Release|x64
		{947DF409-785B-44BC-B482-BF3D650C0989}.Release|x64.Build.0 = Release|x64
		{947DF409-785B-44BC-B482-BF3D650C0989}.Release|x86.ActiveCfg = Release|Win32
		{947DF409-785B-44BC-B482-BF3D650C0989}.Release|x86.Build.0 = Release|Win32
		{07779F98-5C4D-4F72-9326-5D6934F3CA57}.Debug|x64.ActiveCfg = Debug|x64
		{07779F98-5C4D-4F72-9326-5D6934F3CA57}.Debug|x64.Build.0 = Debug|x64
		{07779F98-5C4D-4F72-9326-5D6934F3CA57}.Debug|x86.ActiveCfg = Debug|Win32
		{07779F98-5C4D-4F72-9326-5D6934F3CA57}.Debug|x86.Build.0 = Debug|Win32
		{07779F98-5C4D-4F72-9326-5D6934F3CA57}.Release|x64.ActiveCfg = Release|x64
		{07779F98-5C4D-4F72-9326-5D6934F3CA57}.Release|x64.Build.0 = Release|x64
		{07779F98-5C4D-4F72-9326-5D6934F3CA57}.Release|x86.ActiveCfg = Release|Win32
		{07779F98-5C4D-4F72-9326-5D6934F3CA57}.Release|x86.Build.0 = Release|Win32
		{A4B19AB8-1F3F-43A6-8E50-575E16BF1B0B}.Debug|x64.ActiveCfg = Debug|x64
		{A4B19AB8-1F3F-43A6-8E50-575E16BF1B0B}.Debug|x64.Build.0 = Debug|x64
		{A4B19AB8-1F3F-43A6-8E50-575E16BF1B0B}.Debug|x86.ActiveCfg = Debug|Win32
		{A4B19AB8-1F3F-43A6-8E50-575E16BF1B0B}.Debug|x86.Build.0 = Debug|Win32
		{A4B19AB8-1F3F-43A6-8E50-575E16BF1B0B}.Release|x64.ActiveCfg = Release|x64
		{A4B19AB8-1F3F-43A6-8E50-575E16BF1B0B}.Release|x64.Build.0 = Release|x64
		{A4B19AB8-1F3F-43A6-8E50-575E16BF1B0B}.Release|x86.ActiveCfg = Release|Win32
		{A4B19AB8-1F3F-43A6-8E50-575E16BF1B0B}.Release|x86.Build.0 = Release|Win32
		{DFE9098C-3558-499C-A2BD-3B9E897502FF}.Debug|x64.ActiveCfg = Debug|x64
		{DFE9098C-3558-499C-A2BD-3B9E897502FF}.Debug|x64.Build.0 = Debug|x64
		{DFE9098C-3558-499C-A2BD-3B9E897502FF}.Debug|x86.ActiveCfg = Debug|Win32
		{DFE9098C-3558-499C-A2BD-3B9E897502FF}.Debug|x86.Build.0 = Debug|Win32
		{DFE9098C-3558-499C-A2BD-3B9E897502FF}.Release|x64.ActiveCfg = Release|x64
		{DFE9098C-3558-499C-A2BD-3B9E897502FF}.Release|x64.Build.0 = Release|x64
		{DFE9098C-3558-499C-A2BD-3B9E897502FF}.Release|x86.ActiveCfg = Release|Win32
		{DFE9098C-3558-499C-A2BD-3B9E897502FF}.Release|x86.Build.0 = Release|Win32
		{897DD124-1386-47CE-BCCB-3308A8F77E12}.Debug|x64.ActiveCfg = Debug|x64
		{897DD124-1386-47CE-BCCB-3308A8F77E12}.Debug|x64.Build.0 = Debug|x64
		{897DD124-1386-47CE-BCCB-3308A8F77E12}.Debug|x86.ActiveCfg = Debug|Win32
		{897DD124-1386-47CE-BCCB-3308A8F77E12}.Debug|x86.Build.0 = Debug|Win32
		{897DD124-1386-47CE-BCCB-3308A8F77E12}.Release|x64.ActiveCfg = Release|x64
		{897DD124-1386-47CE-BCCB-3308A8F77E12}.Release|x64.Build.0 = Release|x64
		{897DD124-1386-47CE-BCCB-3308A8F77E12}.Release|x86.ActiveCfg = Release|Win32
		{897DD124-1386-47CE-BCCB-3308A8F77E12}.Release|x86.Build.0 = Release|Win32
		{C339616D-F94E-4C9E-BC31-61886903BDE9}.Debug|x64.ActiveCfg = Debug|x64
		{C339616D-F94E-4C9E-BC31-61886903BDE9}.Debug|x64.Build.0 = Debug|x64
		{C339616D-F94E-4C9E-BC31-61886903BDE9}.Debug|x86.ActiveCfg = Debug|Win32
		{C339616D-F94E-4C9E-BC31-61886903BDE9}.Debug|x86.Build.0 = Debug|Win32
		{C339616D-F94E-4C9E-BC31-61886903BDE9}.Release|x64.ActiveCfg = Release|x64
		{C339616D-F94E-4C9E-BC31-61886903BDE9}.Release|x64.Build.0 = Release|x64
		{C339616D-F94E-4C9E-BC31-61886903BDE9}.Release|x86.ActiveCfg = Release|Win32
		{C339616D-F94E-4C9E-BC31-61886903BDE9}.Release|x86.Build.0 = Release|Win32
		{1AAAE551-CC80-4152-9F25-106D3C08AC94}.Debug|x64.ActiveCfg = Debug|x64
		{1AAAE551-CC80-4152-9F25-106D3C08AC94}.Debug|x64.Build.0 = Debug|x64
		{1AAAE551-CC80-4152-9F25-106D3C08AC94}.Debug|x86.ActiveCfg = Debug|Win32
		{1AAAE551-CC80-4152-9F25-106D3C08AC94}.Debug|x86.Build.0 = Debug|Win32
		{1AAAE551-CC80-4152-9F25-106D3C08AC94}.Release|x64.ActiveCfg = Release|x64
		{1AAAE551-CC80-4152-9F25-106D3C08AC94}.Release|x64.Build.0 = Release|x64
		{1AAAE551-CC80-4152-9F25-106D3C08AC94}.Release|x86.ActiveCfg = Release|Win32
		{1AAAE551-CC80-4152-9F25-106D3C08AC94}.Release|x86.Build.0 = Release|Win32
		{C17AD3C6-7910-4ECF-8270-7A4806EEFB26}.Debug|x64.ActiveCfg = Debug|x64
		{C17AD3C6-7910-4ECF-8270-7A4806EEFB26}.Debug|x64.Build.0 = Debug|x64
		{C17AD3C6-7910-4ECF-8270-7A4806EEFB26}.Debug|x86.ActiveCfg = Debug|Win32
		{C17AD3C6-7910-4ECF-8270-7A4806EEFB26}.Debug|x86.Build.0 = Debug|Win32
		{C17AD3C6-7910-4ECF-8270-7A4806EEFB26}.Release|x64.ActiveCfg = Release|x64
		{C17AD3C6-7910-4ECF-8270-7A4806EEFB26}.Release|x64.Build.0 = Release|x64
		{C17AD3C6-7910-4ECF-8270-7A4806EEFB26}.Release|x86.ActiveCfg = Release|Win32
		{C17AD3C6-7910-4ECF-8270-7A4806EEFB26}.Release|x86.Build.0 = Release|Win32
		{8ED68CE7-0FC0-484C-8BA8-3C6DC04D6FCB}.Debug|x64.ActiveCfg = Debug|x64
		{8ED68CE7-0FC0-484C-8BA8-3C6DC04D6FCB}.Debug|x64.Build.0 = Debug|x64
		{8ED68CE7-0FC0-484C-8BA8-3C6DC04D6FCB}.Debug|x86.ActiveCfg = Debug|Win32
		{8ED68CE7-0FC0-484C-8BA8-3C6DC04D6FCB}.Debug|x86.Build.0 = Debug|Win32
		{8ED68CE7-0FC0-484C-8BA8-3C6DC04D6FCB}.Release|x64.ActiveCfg = Release|x64
		{8ED68CE7-0FC0-484C-8BA8-3C6DC04D6FCB}.Release|x64.Build.0 = Release|x64
		{8ED68CE7-0FC0-484C-8BA8-3C6DC04D6FCB}.Release|x86.ActiveCfg = Release|Win32
		{8ED68CE7-0FC0-484C-8BA8-3C6DC04D6FCB}.Release|x86.Build.0 = Release|Win32
		{88C07E42-3DD0-44CE-97D1-D7DFF64F8163}.Debug|x64.ActiveCfg = Debug|x64
		{88C07E42-3DD0-44CE-97D1-D7DFF64F8163}.Debug|x64.Build.0 = Debug|x64
		{88C07E42-3DD0-44CE-97D1-D7DFF64F8163}.Debug|x86.ActiveCfg = Debug|Win32
		{88C07E42-3DD0-44CE-97D1-D7DFF64F8163}.Debug|x86.Build.0 = Debug|Win32
		{88C07E42-3DD0-44CE-97D1-D7DFF64F8163}.Release|x64.ActiveCfg = Release|x64
		{88C07E42-3DD0-44CE-97D1-D7DFF64F8163}.Release|x64.Build.0 = Release|x64
		{88C07E42-3DD0-44CE-97D1-D7DFF64F8163}.Release|x86.ActiveCfg = Release|Win32
		{88C07E42-3DD0-44CE-97D1-D7DFF64F8163}.Release|x86.Build.0 = Release|Win32
		{329CA273-5B3F-4ADE-8AA6-E8C148B3D9BD}.Debug|x64.ActiveCfg = Debug|x64
		{329CA273-5B3F-4ADE-8AA6-E8C148B3D9BD}.Debug|x64.Build.0 = Debug|x64
		{329CA273-5B3F-4ADE-8AA6-E8C148B3D9BD}.Debug|x86.ActiveCfg = Debug|Win32
		{329CA273-5B3F-4ADE-8AA6-E8C148B3D9BD}.Debug|x86.Build.0 = Debug|Win32
		{329CA273-5B3F-4ADE-8AA6-E8C148B3D9BD}.Release|x64.ActiveCfg = Release|x64
		{329CA273-5B3F-4ADE-8AA6-E8C148B3D9BD}.Release|x64.Build.0 = Release|x64
		{329CA273-5B3F-4ADE-8AA6-E8C148B3D9BD}.Release|x86.ActiveCfg = Release|Win32
		{329CA273-5B3F-4ADE-8AA6-E8C148B3D9BD}.Release|x86.Build.0 = Release|Win32
		{42FBAC85-554E-4989-8B37-8A46E60871BA}.Debug|x64.ActiveCfg = Debug|x64
		{42FBAC85-554E-4989-8B37-8A46E60871BA}.Debug|x64.Build.0 = Debug|x64
		{42FBAC85-554E-4989-8B37-8A46E60871BA}.Debug|x86.ActiveCfg = Debug|Win32
		{42FBAC85-554E-4989-8B37-8A46E60871BA}.Debug|x86.Build.0 = Debug|Win32
		{42FBAC85-554E-4989-8B37-8A46E60871BA}.Release|x64.ActiveCfg = Release|x64
		{42FBAC85-554E-4989-8B37-8A46E60871BA}.Release|x64.Build.0 = Release|x64
		{42FBAC85-554E-4989-8B37-8A46E60871BA}.Release|x86.ActiveCfg = Release|Win32
		{42FBAC85-554E-4989-8B37-8A46E60871BA}.Release|x86.Build.0 = Release|Win32
		{BA899879-7E0E-42BE-BF79-DC24E4A3C540}.Debug|x64.ActiveCfg = Debug|x64
		{BA899879-7E0E-42BE-BF79-DC24E4A3C540}.Debug|x64.Build.0 = Debug|x64
		{BA899879-7E0E-42BE-BF79-DC24E4A3C540}.Debug|x86.ActiveCfg = Debug|Win32
		{BA899879-7E0E-42BE-BF79-DC24E4A3C540}.Debug|x86.Build.0 = Debug|Win32
		{BA899879-7E0E-42BE-BF79-DC24E4A3C540}.Release|x64.ActiveCfg = Release|x64
		{BA899879-7E0E-42BE-BF79-DC24E4A3C540}.Release|x64.Build.0 = Release|x64
		{BA899879-7E0E-42BE-BF79-DC24E4A3C540}.Release|x86.ActiveCfg = Release|Win32
		{BA899879-7E0E-42BE-BF79-DC24E4A3C540}.Release|x86.Build.0 = Release|Win32
		{848E3ED0-09E0-4A74-9132-ABB637788F7E}.Debug|x64.ActiveCfg = Debug|x64
		{848E3ED0-09E0-4A74-9132-ABB637788F7E}.Debug|x64.Build.0 = Debug|x64
		{848E3ED0-09E0-4A74-9132-ABB637788F7E}.Debug|x86.ActiveCfg = Debug|Win32
		{848E3ED0-09E0-4A74-9132-ABB637788F7E}.Debug|x86.Build.0 = Debug|Win32
		{848E3ED0-09E0-4A74-9132-ABB637788F7E}.Release|x64.ActiveCfg = Release|x64
		{848E3ED0-09E0-4A74-9132-ABB637788F7E}.Release|x64.Build.0 = Release|x64
		{848E3ED0-09E0-4A74-9132-ABB637788F7E}.Release|x86.ActiveCfg = Release|Win32
		{848E3ED0-09E0-4A74-9132-ABB637788F7E}.Release|x86.Build.0 = Release|Win32
		{C4162C66-9AD9-43C9-BAB0-55BCBAF31023}.Debug|x64.ActiveCfg = Debug|x64
		{C4162C66-9AD9-43C9-BAB0-55BCBAF31023}.Debug|x64.Build.0 = Debug|x64
		{C4162C66-9AD9-43C9-BAB0-55BCBAF31023}.Debug|x86.ActiveCfg = Debug|Win32
		{C4162C66-9AD9-43C9-BAB0-55BCBAF31023}.Debug|x86.Build.0 = Debug|Win32
		{C4162C66-9AD9-43C9-BAB0-55BCBAF31023}.Release|x64.ActiveCfg = Release|x64
		{C4162C66-9AD9-43C9-BAB0-55BCBAF31023}.Release|x64.Build.0 = Release|x64
		{C4162C66-9AD9-43C9-BAB0-55BCBAF31023}.Release|x86.ActiveCfg = Release|Win32
		{C4162C66-9AD9-43C9-BAB0-55BCBAF31023}.Release|x86.Build.0 = Release|Win32
		{9B2D6C49-CD2E-4569-80CB-1BF362DAB514}.Debug|x64.ActiveCfg = Debug|x64
		{9B2D6C49-CD2E-4569-80CB-1BF362DAB514}.Debug|x64.Build.0 = Debug|x64
		{9B2D6C49-CD2E-4569-80CB-1BF362DAB514}.Debug|x86.ActiveCfg = Debug|Win32
		{9B2D6C49-CD2E-4569-80CB-1BF362DAB514}.Debug|x86.Build.0 = Debug|Win32
		{9B2D6C49-CD2E-4569-80CB-1BF362DAB514}.Release|x64.ActiveCfg = Release|x64
		{9B2D6C49-CD2E-4569-80CB-1BF362DAB514}.Release|x64.Build.0 = Release|x64
		{9B2D6C49-CD2E-4569-80CB-1BF362DAB514}.Release|x86.ActiveCfg = Release|Win32
		{9B2D6C49-CD2E-4569-80CB-1BF362DAB514}.Release|x86.Build.0 = Release|Win32
		{9A9A5DDF-3A65-45CB-BCBC-6504F0A5D820}.Debug|x64.ActiveCfg = Debug|x64
		{9A9A5DDF-3A65-45CB-BCBC-6504F0A5D820}.Debug|x64.Build.0 = Debug|x64
		{9A9A5DDF-3A65-45CB-BCBC-6504F0A5D820}.Debug|x86.ActiveCfg = Debug|Win32
		{9A9A5DDF-3A65-45CB-BCBC-6504F0A5D820}.Debug|x86.Build.0 = Debug|Win32
		{9A9A5DDF-3A65-45CB-BCBC-6504F0A5D820}.Release|x64.ActiveCfg = Release|x64
		{9A9A5DDF-3A65-45CB-BCBC-6504F0A5D820}.Release|x64.Build.0 = Release|x64
		{9A9A5DDF-3A65-45CB-BCBC-6504F0A5D820}.Release|x86.ActiveCfg = Release|Win32
		{9A9A5DDF-3A65-45CB-BCBC-6504F0A5D820}.Release|x86.Build.0 = Release|Win32
		{39356BEB-AA3E-4727-BBC3-DF61E8DE67D3}.Debug|x64.ActiveCfg = Debug|x64
		{39356BEB-AA3E-4727-BBC3-DF61E8DE67D3}.Debug|x64.Build.0 = Debug|x64
		{39356BEB-AA3E-4727-BBC3-DF61E8DE67D3}.Debug|x86.ActiveCfg = Debug|Win32
		{39356BEB-AA3E-4727-BBC3-DF61E8DE67D3}.Debug|x86.Build.0 = Debug|Win32
		{39356BEB-AA3E-4727-BBC3-DF61E8DE67D3}.Release|x64.ActiveCfg = Release|x64
		{39356BEB-AA3E-4727-BBC3-DF61E8DE67D3}.Release|x64.Build.0 = Release|x64
		{39356BEB-AA3E-4727-BBC3-DF61E8DE67D3}.Release|x86.ActiveCfg = Release|Win32
		{39356BEB-AA3E-4727-BBC3-DF61E8DE67D3}.Release|x86.Build.0 = Release|Win32
		{BF4048EB-1A02-4733-8296-BA3F681A57D3}.Debug|x64.ActiveCfg = Debug|x64
		{BF4048EB-1A02-4733-8296-BA3F681A57D3}.Debug|x64.Build.0 = Debug|x64
		{BF4048EB-1A02-4733-8296-BA3F681A57D3}.Debug|x86.ActiveCfg = Debug|Win32
		{BF4048EB-1A02-4733-8296-BA3F681A57D3}.Debug|x86.Build.0 = Debug|Win32
		{BF4048EB-1A02-4733-8296-BA3F681A57D3}.Release|x64.ActiveCfg = Release|x64
		{BF4048EB-1A02-4733-8296-BA3F681A57D3}.Release|x64.Build.0 = Release|x64
		{BF4048EB-1A02-4733-8296-BA3F681A57D3}.Release|x86.ActiveCfg = Release|Win32
		{BF4048EB-1A02-4733-8296-BA3F681A57D3}.Release|x86.Build.0 = Release|Win32
		{CF66DCB9-1CEB-430A-AE50-820FD5CC86E5}.Debug|x64.ActiveCfg = Debug|x64
		{CF66DCB9-1CEB-430A-AE50-820FD5CC86E5}.Debug|x64.Build.0 = Debug|x64
		{CF66DCB9-1CEB-430A-AE50-820FD5CC86E5}.Debug|x86.ActiveCfg = Debug|Win32
		{CF66DCB9-1CEB-430A-AE50-820FD5CC86E5}.Debug|x86.Build.0 = Debug|Win32
		{CF66DCB9-1CEB-430A-AE50-820FD5CC86E5}.Release|x64.ActiveCfg = Release|x64
		{CF66DCB9-1CEB-430A-AE50-820FD5CC86E5}.Release|x64.Build.0 = Release|x64
		{CF66DCB9-1CEB-430A-AE50-820FD5CC86E5}.Release|x86.ActiveCfg = Release|Win32
		{CF66DCB9-1CEB-430A-AE50-820FD5CC86E5}.Release|x86.Build.0 = Release|Win32
		{F2A7C066-F37E-438B-9978-B54DDD738C73}.Debug|x64.ActiveCfg = Debug|x64
		{F2A7C066-F37E-438B-9978-B54DDD738C73}.Debug|x64.Build.0 = Debug|x64
		{F2A7C066-F37E-438B-9978-B54DDD738C73}.Debug|x86.ActiveCfg = Debug|Win32
		{F2A7C066-F37E-438B-9978-B54DDD738C73}.Debug|x86.Build.0 = Debug|Win32
		{F2A7C066-F37E-438B-9978-B54DDD738C73}.Release|x64.ActiveCfg = Release|x64
		{F2A7C066-F37E-438B-9978-B54DDD738C73}.Release|x64.Build.0 = Release|x64
		{F2A7C066-F37E-438B-9978-B54DDD738C73}.Release|x86.ActiveCfg = Release|Win32
		{F2A7C066-F37E-438B-9978-B54DDD738C73}.Release|x86.Build.0 = Release|Win32
		{81E23172-9911-4CC6-93BC-AC9A0B69327C}.Debug|x64.ActiveCfg = Debug|x64
		{81E23172-9911-4CC6-93BC-AC9A0B69327C}.Debug|x64.Build.0 = Debug|x64
		{81E23172-9911-4CC6-93BC-AC9A0B69327C}.Debug|x86.ActiveCfg = Debug|Win32
		{81E23172-9911-4CC6-93BC-AC9A0B69327C}.Debug|x86.Build.0 = Debug|Win32
		{81E23172-9911-4CC6-93BC-AC9A0B69327C}.Release|x64.ActiveCfg = Release|x64
		{81E23172-9911-4CC6-93BC-AC9A0B69327C}.Release|x64.Build.0 = Release|x64
		{81E23172-9911-4CC6-93BC-AC9A0B69327C}.Release|x86.ActiveCfg = Release|Win32
		{81E23172-9911-4CC6-93BC-AC9A0B69327C}.Release|x86.Build.0 = Release|Win32
		{87A44DA5-9B8C-47A8-A1D4-E0C46948D82A}.Debug|x64.ActiveCfg = Debug|x64
		{87A44DA5-9B8C-47A8-A1D4-E0C46948D82A}.Debug|x64.Build.0 = Debug|x64
		{87A44DA5-9B8C-47A8-A1D4-E0C46948D82A}.Debug|x86.ActiveCfg = Debug|Win32
		{87A44DA5-9B8C-47A8-A1D4-E0C46948D82A}.Debug|x86.Build.0 = Debug|Win32
		{87A44DA5-9B8C-47A8-A1D4-E0C46948D82A}.Release|x64.ActiveCfg = Release|x64
		{87A44DA5-9B8C-47A8-A1D4-E0C46948D82A}.Release|x64.Build.0 = Release|x64
		{87A44DA5-9B8C-47A8-A1D4-E0C46948D82A}.Release|x86.ActiveCfg = Release|Win32
		{87A44DA5-9B8C-47A8-A1D4-E0C46948D82A}.Release|x86.Build.0 = Release|Win32
		{CBECC158-4BCB-4D6D-8BF3-7F202268C3DA}.Debug|x64.ActiveCfg = Debug|x64
		{CBECC158-4BCB-4D6D-8BF3-7F202268C3DA}.Debug|x64.Build.0 = Debug|x64
		{CBECC158-4BCB-4D6D-8BF3-7F202268C3DA}.Debug|x86.ActiveCfg = Debug|Win32
		{CBECC158-4BCB-4D6D-8BF3-7F202268C3DA}.Debug|x86.Build.0 = Debug|Win32
		{CBECC158-4BCB-4D6D-8BF3-7F202268C3DA}.Release|x64.ActiveCfg = Release|x64
		{CBECC158-4BCB-4D6D-8BF3-7F202268C3DA}.Release|x64.Build.0 = Release|x64
		{CBECC158-4BCB-4D6D-8BF3-7F202268C3DA}.Release|x86.ActiveCfg = Release|Win32
		{CBECC158-4BCB-4D6D-8BF3-7F202268C3DA}.Release|x86.Build.0 = Release|Win32
		{5814C546-8DC4-4204-817B-A015A9B7C772}.Debug|x64.ActiveCfg = Debug|x64
		{5814C546-8DC4-4204-817B-A015A9B7C772}.Debug|x64.Build.0 = Debug|x64
		{5814C546-8DC4-4204-817B-A015A9B7C772}.Debug|x86.ActiveCfg = Debug|Win32
		{5814C546-8DC4-4204-817B-A015A9B7C772}.Debug|x86.Build.0 = Debug|Win32
		{5814C546-8DC4-4204-817B-A015A9B7C772}.Release|x64.ActiveCfg = Release|x64
		{5814C546-8DC4-4204-817B-A015A9B7C772}.Release|x64.Build.0 = Release|x64
		{5814C546-8DC4-4204-817B-A015A9B7C772}.Release|x86.ActiveCfg = Release|Win32
		{5814C546-8DC4-4204-817B-A015A9B7C772}.Release|x86.Build.0 = Release|Win32
		{3F790BED-DE2B-4DE7-B5AA-F7CBF042B34E}.Debug|x64.ActiveCfg = Debug|x64
		{3F790BED-DE2B-4DE7-B5AA-F7CBF042B34E}.Debug|x64.Build.0 = Debug|x64
		{3F790BED-DE2B-4DE7-B5AA-F7CBF042B34E}.Debug|x86.ActiveCfg = Debug|Win32
		{3F790BED-DE2B-4DE7-B5AA-F7CBF042B34E}.Debug|x86.Build.0 = Debug|Win32
		{3F790BED-DE2B-4DE7-B5AA-F7CBF042B34E}.Release|x64.ActiveCfg = Release|x64
		{3F790BED-DE2B-4DE7-B5AA-F7CBF042B34E}.Release|x64.Build.0 = Release|x64
		{3F790BED-DE2B-4DE7-B5AA-F7CBF042B34E}.Release|x86.ActiveCfg = Release|Win32
		{3F790BED-DE2B-4DE7-B5AA-F7CBF042B34E}.Release|x86.Build.0 = Release|Win32
		{E26DEFDD-8201-432E-B6B2-84E3F94EA38A}.Debug|x64.ActiveCfg = Debug|x64
		{E26DEFDD-8201-432E-B6B2-84E3F94EA38A}.Debug|x64.Build.0 = Debug|x64
		{E26DEFDD-8201-432E-B6B2-84E3F94EA38A}.Debug|x86.ActiveCfg = Debug|Win32
		{E26DEFDD-8201-432E-B6B2-84E3F94EA38A}.Debug|x86.Build.0 = Debug|Win32
		{E26DEFDD-8201-432E-B6B2-84E3F94EA38A}.Release|x64.ActiveCfg = Release|x64
		{E26DEFDD-8201-432E-B6B2-84E3F94EA38A}.Release|x64.Build.0 = Release|x64
		{E26DEFDD-8201-432E-B6B2-84E3F94EA38A}.Release|x86.ActiveCfg = Release|Win32
		{E26DEFDD-8201-432E-B6B2-84E3F94EA38A}.Release|x86.Build.0 = Release|Win32
		{9A82B0E8-BB5D-421C-A786-41F603F0FE9B}.Debug|x64.ActiveCfg = Debug|x64
		{9A82B0E8-BB5D-421C-A786-41F603F0FE9B}.Debug|x64.Build.0 = Debug|x64
		{9A82B0E8-BB5D-421C-A786-41F603F0FE9B}.Debug|x86.ActiveCfg = Debug|Win32
		{9A82B0E8-BB5D-421C-A786-41F603F0FE9B}.Debug|x86.Build.0 = Debug|Win32
		{9A82B0E8-BB5D-421C-A786-41F603F0FE9B}.Release|x64.ActiveCfg = Release|x64
		{9A82B0E8-BB5D-421C-A786-41F603F0FE9B}.Release|x64.Build.0 = Release|x64
		{9A82B0E8-BB5D-421C-A786-41F603F0FE9B}.Release|x86.ActiveCfg = Release|Win32
		{9A82B0E8-BB5D-421C-A786-41F603F0FE9B}.Release|x86.Build.0 = Release|Win32
		{19AE4463-505E-49D8-A934-11513E381DC0}.Debug|x64.ActiveCfg = Debug|x64
		{19AE4463-505E-49D8-A934-11513E381DC0}.Debug|x64.Build.0 = Debug|x64
		{19AE4463-505E-49D8-A934-11513E381DC0}.Debug|x86.ActiveCfg = Debug|Win32
		{19AE4463-505E-49D8-A934-11513E381DC0}.Debug|x86.Build.0 = Debug|Win32
		{19AE4463-505E-49D8-A934-11513E381DC0}.Release|x64.ActiveCfg = Release|x64
		{19AE4463-505E-49D8-A934-11513E381DC0}.Release|x64.Build.0 = Release|x64
		{19AE4463-505E-49D8-A934-11513E381DC0}.Release|x86.ActiveCfg = Release|Win32
		{19AE4463-505E-49D8-A934-11513E381DC0}.Release|x86.Build.0 = Release|Win32
		{E3FABF63-CD1C-453B-9D7A-72E9A69075B7}.Debug|x64.ActiveCfg = Debug|x64
		{E3FABF63-CD1C-453B-9D7A-72E9A69075B7}.Debug|x64.Build.0 = Debug|x64
		{E3FABF63-CD1C-453B-9D7A-72E9A69075B7}.Debug|x86.ActiveCfg = Debug|Win32
		{E3FABF63-CD1C-453B-9D7A-72E9A69075B7}.Debug|x86.Build.0 = Debug|Win32
		{E3FABF63-CD1C-453B-9D7A-72E9A69075B7}.Release|x64.ActiveCfg = Release|x64
		{E3FABF63-CD1C-453B-9D7A-72E9A69075B7}.Release|x64.Build.0 = Release|x64
		{E3FABF63-CD1C-453B-9D7A-72E9A69075B7}.Release|x86.ActiveCfg = Release|Win32
		{E3FABF63-CD1C-453B-9D7A-72E9A69075B7}.Release|x86.Build.0 = Release|Win32
		{E6C1F078-78DE-46CF-9A5D-8E7C7B506C32}.Debug|x64.ActiveCfg = Debug|x64
		{E6C1F078-78DE-46CF-9A5D-8E7C7B506C32}.Debug|x64.Build.0 = Debug|x64
		{E6C1F078-78DE-46CF-9A5D-8E7C7B506C32}.Debug|x86.ActiveCfg = Debug|Win32
		{E6C1F078-78DE-46CF-9A5D-8E7C7B506C32}.Debug|x86.Build.0 = Debug|Win32
		{E6C1F078-78DE-46CF-9A5D-8E7C7B506C32}.Release|x64.ActiveCfg = Release|x64
		{E6C1F078-78DE-46CF-9A5D-8E7C7B506C32}.Release|x64.Build.0 = Release|x64
		{E6C1F078-78DE-46CF-9A5D-8E7C7B506C32}.Release|x86.ActiveCfg = Release|Win32
		{E6C1F078-78DE-46CF-9A5D-8E7C7B506C32}.Release|x86.Build.0 = Release|Win32
		{4D25F0E1-6FEE-4977-B208-D6FAB684E647}.Debug|x64.ActiveCfg = Debug|x64
		{4D25F0E1-6FEE-4977-B208-D6FAB684E647}.Debug|x64.Build.0 = Debug|x64
		{4D25F0E1-6FEE-4977-B208-D6FAB684E647}.Debug|x86.ActiveCfg = Debug|Win32
		{4D25F0E1-6FEE-4977-B208-D6FAB684E647}.Debug|x86.Build.0 = Debug|Win32
		{4D25F0E1-6FEE-4977-B208-D6FAB684E647}.Release|x64.ActiveCfg = Release|x64
		{4D25F0E1-6FEE-4977-B208-D6FAB684E647}.Release|x64.Build.0 = Release|x64
		{4D25F0E1-6FEE-4977-B208-D6FAB684E647}.Release|x86.ActiveCfg = Release|Win32
		{4D25F0E1-6FEE-4977-B208-D6FAB684E647}.Release|x86.Build.0 = Release|Win32
		{C0165D27-82AE-49F3-8581-0749E4505164}.Debug|x64.ActiveCfg = Debug|x64
		{C0165D27-82AE-49F3-8581-0749E4505164}.Debug|x64.Build.0 = Debug|x64
		{C0165D27-82AE-49F3-8581-0749E4505164}.Debug|x86.ActiveCfg = Debug|Win32
		{C0165D27-82AE-49F3-8581-0749E4505164}.Debug|x86.Build.0 = Debug|Win32
		{C0165D27-82AE-49F3-8581-0749E4505164}.Release|x64.ActiveCfg = Release|x64
		{C0165D27-82AE-49F3-8581-0749E4505164}.Release|x64.Build.0 = Release|x64
		{C0165D27-82AE-49F3-8581-0749E4505164}.Release|x86.ActiveCfg = Release|Win32
		{C0165D27-82AE-49F3-8581-0749E4505164}.Release|x86.Build.0 = Release|Win32
		{62E601A0-605E-4691-842D-05680E2874CD}.Debug|x64.ActiveCfg = Debug|x64
		{62E601A0-605E-4691-842D-05680E2874CD}.Debug|x64.Build.0 = Debug|x64
		{62E601A0-605E-4691-842D-05680E2874CD}.Debug|x86.ActiveCfg = Debug|Win32
		{62E601A0-605E-4691-842D-05680E2874CD}.Debug|x86.Build.0 = Debug|Win32
		{62E601A0-605E-4691-842D-05680E2874CD}.Release|x64.ActiveCfg = Release|x64
		{62E601A0-605E-4691-842D-05680E2874CD}.Release|x64.Build.0 = Release|x64
		{62E601A0-605E-4691-842D-05680E2874CD}.Release|x86.ActiveCfg = Release|Win32
		{62E601A0-605E-4691-842D-05680E2874CD}.Release|x86.Build.0 = Release|Win32
		{49D3C44E-9AD4-44C6-AEF7-8540A25592B3}.Debug|x64.ActiveCfg = Debug|x64
		{49D3C44E-9AD4-44C6-AEF7-8540A25592B3}.Debug|x64.Build.0 = Debug|x64
		{49D3C44E-9AD4-44C6-AEF7-8540A25592B3}.Debug|x86.ActiveCfg = Debug|Win32
		{49D3C44E-9AD4-44C6-AEF7-8540A25592B3}.Debug|x86.Build.0 = Debug|Win32
		{49D3C44E-9AD4-44C6-AEF7-8540A25592B3}.Release|x64.ActiveCfg = Release|x64
		{49D3C44E-9AD4-44C6-AEF7-8540A25592B3}.Release|x64.Build.0 = Release|x64
		{49D3C44E-9AD4-44C6-AEF7-8540A25592B3}.Release|x86.ActiveCfg = Release|Win32
		{49D3C44E-9AD4-44C6-AEF7-8540A25592B3}.Release|x86.Build.0 = Release|Win32
		{9EF1BDD2-EA50-4CAA-9876-885B3959DAB6}.Debug|x64.ActiveCfg = Debug|x64
		{9EF1BDD2-EA50-4CAA-9876-885B3959DAB6}.Debug|x64.Build.0 = Debug|x64
		{9EF1BDD2-EA50-4CAA-9876-885B3959DAB6}.Debug|x86.ActiveCfg = Debug|Win32
		{9EF1BDD2-EA50-4CAA-9876-885B3959DAB6}.Debug|x86.Build.0 = Debug|Win32
		{9EF1BDD2-EA50-4CAA-9876-885B3959DAB6}.Release|x64.ActiveCfg = Release|x64
		{9EF1BDD2-EA50-4CAA-9876-885B3959DAB6}.Release|x64.Build.0 = Release|x64
		{9EF1BDD2-EA50-4CAA-9876-885B3959DAB6}.Release|x86.ActiveCfg = Release|Win32
		{9EF1BDD2-EA50-4CAA-9876-885B3959DAB6}.Release|x86.Build.0 = Release|Win32
		{E447DC37-1722-409A-AA5E-B58F06374BFE}.Debug|x64.ActiveCfg = Debug|x64
		{E447DC37-1722-409A-AA5E-B58F06374BFE}.Debug|x64.Build.0 = Debug|x64
		{E447DC37-1722-409A-AA5E-B58F06374BFE}.Debug|x86.ActiveCfg = Debug|Win32
		{E447DC37-1722-409A-AA5E-B58F06374BFE}.Debug|x86.Build.0 = Debug|Win32
		{E447DC37-1722-409A-AA5E-B58F06374BFE}.Release|x64.ActiveCfg = Release|x64
		{E447DC37-1722-409A-AA5E-B58F06374BFE}.Release|x64.Build.0 = Release|x64
		{E447DC37-1722-409A-AA5E-B58F06374BFE}.Release|x86.ActiveCfg = Release|Win32
		{E447DC37-1722-409A-AA5E-B58F06374BFE}.Release|x86.Build.0 = Release|Win32
		{F64C501C-D614-4773-9F3A-D8A7188CE94E}.Debug|x64.ActiveCfg = Debug|x64
		{F64C501C-D614-4773-9F3A-D8A7188CE94E}.Debug|x64.Build.0 = Debug|x64
		{F64C501C-D614-4773-9F3A-D8A7188CE94E}.Debug|x86.ActiveCfg = Debug|Win32
		{F64C501C-D614-4773-9F3A-D8A7188CE94E}.Debug|x86.Build.0 = Debug|Win32
		{F64C501C-D614-4773-9F3A-D8A7188CE94E}.Release|x64.ActiveCfg = Release|x64
		{F64C501C-D614-4773-9F3A-D8A7188CE94E}.Release|x64.Build.0 = Release|x64
		{F64C501C-D614-4773-9F3A-D8A7188CE94E}.Release|x86.ActiveCfg = Release|Win32
		{F64C501C-D614-4773-9F3A-D8A7188CE94E}.Release|x86.Build.0 = Release|Win32
		{2FD1FF74-3C9F-4B76-BC00-A5C9B1DCFD60}.Debug|x64.ActiveCfg = Debug|x64
		{2FD1FF74-3C9F-4B76-BC00-A5C9B1DCFD60}.Debug|x64.Build.0 = Debug|x64
		{2FD1FF74-3C9F-4B76-BC00-A5C9B1DCFD60}.Debug|x86.ActiveCfg = Debug|Win32
		{2FD1FF74-3C9F-4B76-BC00-A5C9B1DCFD60}.Debug|x86.Build.0 = Debug|Win32
		{2FD1FF74-3C9F-4B76-BC00-A5C9B1DCFD60}.Release|x64.ActiveCfg = Release|x64
		{2FD1FF74-3C9F-4B76-BC00-A5C9B1DCFD60}.Release|x64.Build.0 = Release|x64
		{2FD1FF74-3C9F-4B76-BC00-A5C9B1DCFD60}.Release|x86.ActiveCfg = Release|Win32
		{2FD1FF74-3C9F-4B76-BC00-A5C9B1DCFD60}.Release|x86.Build.0 = Release|Win32
		{6ECE144F-EC40-4A2E-AAFB-4396A19466CF}.Debug|x64.ActiveCfg = Debug|x64
		{6ECE144F-EC40-4A2E-AAFB-4396A19466CF}.Debug|x64.Build.0 = Debug|x64
		{6ECE144F-EC40-4A2E-AAFB-4396A19466CF}.Debug|x86.ActiveCfg = Debug|Win32
		{6ECE144F-EC40-4A2E-AAFB-4396A19466CF}.Debug|x86.Build.0 = Debug|Win32
		{6ECE144F-EC40-4A2E-AAFB-4396A19466CF}.Release|x64.ActiveCfg = Release|x64
		{6ECE144F-EC40-4A2E-AAFB-4396A19466CF}.Release|x64.Build.0 = Release|x64
		{6ECE144F-EC40-4A2E-AAFB-4396A19466CF}.Release|x86.ActiveCfg = Release|Win32
		{6ECE144F-EC40-4A2E-AAFB-4396A19466CF}.Release|x86.Build.0 = Release|Win32
		{B6321917-1D63-4704-A583-754224ED02B1}.Debug|x64.ActiveCfg = Debug|x64
		{B6321917-1D63-4704-A583-754224ED02B1}.Debug|x64.Build.0 = Debug|x64
		{B6321917-1D63-4704-A583-754224ED02B1}.Debug|x86.ActiveCfg = Debug|Win32
		{B6321917-1D63-4704-A583-754224ED02B1}.Debug|x86.Build.0 = Debug|Win32
		{B6321917-1D63-4704-A583-754224ED02B1}.Release|x64.ActiveCfg = Release|x64
		{B6321917-1D63-4704-A583-754224ED02B1}.Release|x64.Build.0 = Release|x64
		{B6321917-1D63-4704-A583-754224ED02B1}.Release|x86.ActiveCfg = Release|Win32
		{B6321917-1D63-4704-A583-754224ED02B1}.Release|x86.Build.0 = Release|Win32
		{180ABFAC-A7AA-41D5-BCAD-41665084A6C6}.Debug|x64.ActiveCfg = Debug|x64
		{180ABFAC-A7AA-41D5-BCAD-41665084A6C6}.Debug|x64.Build.0 = Debug|x64
		{180ABFAC-A7AA-41D5-BCAD-41665084A6C6}.Debug|x86.ActiveCfg = Debug|Win32
		{180ABFAC-A7AA-41D5-BCAD-41665084A6C6}.Debug|x86.Build.0 = Debug|Win32
		{180ABFAC-A7AA-41D5-BCAD-41665084A6C6}.Release|x64.ActiveCfg = Release|x64
		{180ABFAC-A7AA-41D5-BCAD-41665084A6C6}.Release|x64.Build.0 = Release|x64
		{180ABFAC-A7AA-41D5-BCAD-41665084A6C6}.Release|x86.ActiveCfg = Release|Win32
		{180ABFAC-A7AA-41D5-BCAD-41665084A6C6}.Release|x86.Build.0 = Release|Win32
		{A3EEFAD0-D0C8-4073-B720-BA82869EB6A6}.Debug|x64.ActiveCfg = Debug|x64
		{A3EEFAD0-D0C8-4073-B720-BA82869EB6A6}.Debug|x64.Build.0 = Debug|x64
		{A3EEFAD0-D0C8-4073-B720-BA82869EB6A6}.Debug|x86.ActiveCfg = Debug|Win32
		{A3EEFAD0-D0C8-4073-B720-BA82869EB6A6}.Debug|x86.Build.0 = Debug|Win32
		{A3EEFAD0-D0C8-4073-B720-BA82869EB6A6}.Release|x64.ActiveCfg = Release|x64
		{A3EEFAD0-D0C8-4073-B720-BA82869EB6A6}.Release|x64.Build.0 = Release|x64
		{A3EEFAD0-D0C8-4073-B720-BA82869EB6A6}.Release|x86.ActiveCfg = Release|Win32
		{A3EEFAD0-D0C8-4073-B720-BA82869EB6A6}.Release|x86.Build.0 = Release|Win32
	EndGlobalSection
	GlobalSection(SolutionProperties) = preSolution
		HideSolutionNode = FALSE
	EndGlobalSection
	GlobalSection(NestedProjects) = preSolution
		{9E4DAF0E-7D06-4E31-B9F4-FCB002B73C52} = {9E064A4D-9A0F-4AC0-BE0C-3795A7F788B9}
		{947DF409-785B-44BC-B482-BF3D650C0989} = {9E064A4D-9A0F-4AC0-BE0C-3795A7F788B9}
		{07779F98-5C4D-4F72-9326-5D6934F3CA57} = {9E064A4D-9A0F-4AC0-BE0C-3795A7F788B9}
		{A4B19AB8-1F3F-43A6-8E50-575E16BF1B0B} = {9E064A4D-9A0F-4AC0-BE0C-3795A7F788B9}
		{DFE9098C-3558-499C-A2BD-3B9E897502FF} = {9E064A4D-9A0F-4AC0-BE0C-3795A7F788B9}
		{897DD124-1386-47CE-BCCB-3308A8F77E12} = {9E064A4D-9A0F-4AC0-BE0C-3795A7F788B9}
		{C339616D-F94E-4C9E-BC31-61886903BDE9} = {9E064A4D-9A0F-4AC0-BE0C-3795A7F788B9}
		{1AAAE551-CC80-4152-9F25-106D3C08AC94} = {9E064A4D-9A0F-4AC0-BE0C-3795A7F788B9}
		{C17AD3C6-7910-4ECF-8270-7A4806EEFB26} = {9E064A4D-9A0F-4AC0-BE0C-3795A7F788B9}
		{8ED68CE7-0FC0-484C-8BA8-3C6DC04D6FCB} = {9E064A4D-9A0F-4AC0-BE0C-3795A7F788B9}
		{88C07E42-3DD0-44CE-97D1-D7DFF64F8163} = {9E064A4D-9A0F-4AC0-BE0C-3795A7F788B9}
		{329CA273-5B3F-4ADE-8AA6-E8C148B3D9BD} = {9E064A4D-9A0F-4AC0-BE0C-3795A7F788B9}
		{42FBAC85-554E-4989-8B37-8A46E60871BA} = {9E064A4D-9A0F-4AC0-BE0C-3795A7F788B9}
		{BA899879-7E0E-42BE-BF79-DC24E4A3C540} = {9E064A4D-9A0F-4AC0-BE0C-3795A7F788B9}
		{848E3ED0-09E0-4A74-9132-ABB637788F7E} = {9E064A4D-9A0F-4AC0-BE0C-3795A7F788B9}
		{C4162C66-9AD9-43C9-BAB0-55BCBAF31023} = {9E064A4D-9A0F-4AC0-BE0C-3795A7F788B9}
		{9B2D6C49-CD2E-4569-80CB-1BF362DAB514} = {9E064A4D-9A0F-4AC0-BE0C-3795A7F788B9}
		{9A9A5DDF-3A65-45CB-BCBC-6504F0A5D820} = {9E064A4D-9A0F-4AC0-BE0C-3795A7F788B9}
		{39356BEB-AA3E-4727-BBC3-DF61E8DE67D3} = {9E064A4D-9A0F-4AC0-BE0C-3795A7F788B9}
		{BF4048EB-1A02-4733-8296-BA3F681A57D3} = {9E064A4D-9A0F-4AC0-BE0C-3795A7F788B9}
		{CF66DCB9-1CEB-430A-AE50-820FD5CC86E5} = {16A7D97C-0123-4070-A0F4-2F20E4D23D33}
		{F2A7C066-F37E-438B-9978-B54DDD738C73} = {9E064A4D-9A0F-4AC0-BE0C-3795A7F788B9}
		{81E23172-9911-4CC6-93BC-AC9A0B69327C} = {16A7D97C-0123-4070-A0F4-2F20E4D23D33}
		{87A44DA5-9B8C-47A8-A1D4-E0C46948D82A} = {16A7D97C-0123-4070-A0F4-2F20E4D23D33}
		{CBECC158-4BCB-4D6D-8BF3-7F202268C3DA} = {16A7D97C-0123-4070-A0F4-2F20E4D23D33}
		{5814C546-8DC4-4204-817B-A015A9B7C772} = {16A7D97C-0123-4070-A0F4-2F20E4D23D33}
		{3F790BED-DE2B-4DE7-B5AA-F7CBF042B34E} = {16A7D97C-0123-4070-A0F4-2F20E4D23D33}
		{E26DEFDD-8201-432E-B6B2-84E3F94EA38A} = {16A7D97C-0123-4070-A0F4-2F20E4D23D33}
		{9A82B0E8-BB5D-421C-A786-41F603F0FE9B} = {16A7D97C-0123-4070-A0F4-2F20E4D23D33}
		{19AE4463-505E-49D8-A934-11513E381DC0} = {16A7D97C-0123-4070-A0F4-2F20E4D23D33}
		{E3FABF63-CD1C-453B-9D7A-72E9A69075B7} = {16A7D97C-0123-4070-A0F4-2F20E4D23D33}
		{E6C1F078-78DE-46CF-9A5D-8E7C7B506C32} = {16A7D97C-0123-4070-A0F4-2F20E4D23D33}
		{4D25F0E1-6FEE-4977-B208-D6FAB684E647} = {00A44C8B-3B4E-400B-A849-7BC0367BA706}
		{C0165D27-82AE-49F3-8581-0749E4505164} = {00A44C8B-3B4E-400B-A849-7BC0367BA706}
		{62E601A0-605E-4691-842D-05680E2874CD} = {16A7D97C-0123-4070-A0F4-2F20E4D23D33}
		{49D3C44E-9AD4-44C6-AEF7-8540A25592B3} = {16A7D97C-0123-4070-A0F4-2F20E4D23D33}
		{9EF1BDD2-EA50-4CAA-9876-885B3959DAB6} = {16A7D97C-0123-4070-A0F4-2F20E4D23D33}
		{E447DC37-1722-409A-AA5E-B58F06374BFE} = {16A7D97C-0123-4070-A0F4-2F20E4D23D33}
		{F64C501C-D614-4773-9F3A-D8A7188CE94E} = {16A7D97C-0123-4070-A0F4-2F20E4D23D33}
		{2FD1FF74-3C9F-4B76-BC00-A5C9B1DCFD60} = {16A7D97C-0123-4070-A0F4-2F20E4D23D33}
		{6ECE144F-EC40-4A2E-AAFB-4396A19466CF} = {16A7D97C-0123-4070-A0F4-2F20E4D23D33}
		{B6321917-1D63-4704-A583-754224ED02B1} = {16A7D97C-0123-4070-A0F4-2F20E4D23D33}
		{180ABFAC-A7AA-41D5-BCAD-41665084A6C6} = {16A7D97C-0123-4070-A0F4-2F20E4D23D33}
		{A3EEFAD0-D0C8-4073-B720-BA82869EB6A6} = {16A7D97C-0123-4070-A0F4-2F20E4D23D33}
	EndGlobalSection
	GlobalSection(ExtensibilityGlobals) = postSolution
		SolutionGuid = {280F4BB9-E787-4201-B99E-E8B9016640EC}
	EndGlobalSection
EndGlobal
